{
  "name": "@piedpiper-argo/helloworld",
  "version": "1.0.0",
  "lockfileVersion": 3,
  "requires": true,
  "packages": {
    "": {
      "name": "@piedpiper-argo/helloworld",
      "version": "1.0.0",
      "license": "MIT",
      "dependencies": {
        "@piedpiper-argo/whalesay": "^1.0.0"
      }
    },
    "node_modules/@piedpiper-argo/whalesay": {
      "version": "1.0.1",
      "resolved": "https://registry.npmjs.org/@piedpiper-argo/whalesay/-/whalesay-1.0.1.tgz",
      "integrity": "sha512-5cU8hfj9x7+iwlarUYDsR5vqkk7Ut2loxU5xqKmThO+XsG1JLF4hP37WIp4KXGmG9uE+CT6m5my6SZsbxEJIOw=="
    }
  }
}
